
Microsoft Visual Studio Solution File, Format Version 12.00
# Visual Studio 15
VisualStudioVersion = 15.0.28010.2026
MinimumVisualStudioVersion = 10.0.40219.1
Project("{FAE04EC0-301F-11D3-BF4B-00C04F79EFBC}") = "300825160(Perroni)_300930438_(Lemos)_Lab2", "300825160(Perroni)_300930438_(Lemos)_Lab2\300825160(Perroni)_300930438_(Lemos)_Lab2.csproj", "{FA9FAB73-408A-4C11-81ED-A9959567F02D}"
EndProject
Global
	GlobalSection(SolutionConfigurationPlatforms) = preSolution
		Debug|Any CPU = Debug|Any CPU
		Release|Any CPU = Release|Any CPU
	EndGlobalSection
	GlobalSection(ProjectConfigurationPlatforms) = postSolution
		{FA9FAB73-408A-4C11-81ED-A9959567F02D}.Debug|Any CPU.ActiveCfg = Debug|Any CPU
		{FA9FAB73-408A-4C11-81ED-A9959567F02D}.Debug|Any CPU.Build.0 = Debug|Any CPU
		{FA9FAB73-408A-4C11-81ED-A9959567F02D}.Release|Any CPU.ActiveCfg = Release|Any CPU
		{FA9FAB73-408A-4C11-81ED-A9959567F02D}.Release|Any CPU.Build.0 = Release|Any CPU
	EndGlobalSection
	GlobalSection(SolutionProperties) = preSolution
		HideSolutionNode = FALSE
	EndGlobalSection
	GlobalSection(ExtensibilityGlobals) = postSolution
		SolutionGuid = {652084B8-7FC5-4CEA-BFE9-C4EE2BB900ED}
	EndGlobalSection
EndGlobal
